
Microsoft Visual Studio Solution File, Format Version 12.00
# Visual Studio Version 16
VisualStudioVersion = 16.0.29009.5
MinimumVisualStudioVersion = 10.0.40219.1
Project("{FAE04EC0-301F-11D3-BF4B-00C04F79EFBC}") = "JusoApp_WPF", "JusoApp_WPF\JusoApp_WPF.csproj", "{2D0C81B4-B701-4E11-B5CB-3DA9C5DB76B2}"
EndProject
Global
	GlobalSection(SolutionConfigurationPlatforms) = preSolution
		Debug|Any CPU = Debug|Any CPU
		Release|Any CPU = Release|Any CPU
	EndGlobalSection
	GlobalSection(ProjectConfigurationPlatforms) = postSolution
		{2D0C81B4-B701-4E11-B5CB-3DA9C5DB76B2}.Debug|Any CPU.ActiveCfg = Debug|Any CPU
		{2D0C81B4-B701-4E11-B5CB-3DA9C5DB76B2}.Debug|Any CPU.Build.0 = Debug|Any CPU
		{2D0C81B4-B701-4E11-B5CB-3DA9C5DB76B2}.Release|Any CPU.ActiveCfg = Release|Any CPU
		{2D0C81B4-B701-4E11-B5CB-3DA9C5DB76B2}.Release|Any CPU.Build.0 = Release|Any CPU
	EndGlobalSection
	GlobalSection(SolutionProperties) = preSolution
		HideSolutionNode = FALSE
	EndGlobalSection
	GlobalSection(ExtensibilityGlobals) = postSolution
		SolutionGuid = {9004C04E-E0DD-449E-A591-355788EEE4E4}
	EndGlobalSection
EndGlobal
